// !$*UTF8*$!
{
	archiveVersion = 1;
	classes = {
	};
	objectVersion = 46;
	objects = {

/* Begin PBXBuildFile section */
		1A8B44C719871D570021082A /* AppDelegate.swift in Sources */ = {isa = PBXBuildFile; fileRef = 1A8B44C619871D570021082A /* AppDelegate.swift */; };
		1A8B44C919871D570021082A /* ViewController.swift in Sources */ = {isa = PBXBuildFile; fileRef = 1A8B44C819871D570021082A /* ViewController.swift */; };
		1A8B44CC19871D570021082A /* Main.storyboard in Resources */ = {isa = PBXBuildFile; fileRef = 1A8B44CA19871D570021082A /* Main.storyboard */; };
		1A8B44CE19871D570021082A /* Images.xcassets in Resources */ = {isa = PBXBuildFile; fileRef = 1A8B44CD19871D570021082A /* Images.xcassets */; };
		1A8B44DA19871D570021082A /* iOS_ExampleTests.swift in Sources */ = {isa = PBXBuildFile; fileRef = 1A8B44D919871D570021082A /* iOS_ExampleTests.swift */; };
		1A8B44E519871DA70021082A /* MDHeartRateMonitor.swift in Sources */ = {isa = PBXBuildFile; fileRef = 1A8B44E419871DA70021082A /* MDHeartRateMonitor.swift */; };
/* End PBXBuildFile section */

/* Begin PBXContainerItemProxy section */
		1A8B44D419871D570021082A /* PBXContainerItemProxy */ = {
			isa = PBXContainerItemProxy;
			containerPortal = 1A8B44B919871D570021082A /* Project object */;
			proxyType = 1;
			remoteGlobalIDString = 1A8B44C019871D570021082A;
			remoteInfo = "iOS Example";
		};
/* End PBXContainerItemProxy section */

/* Begin PBXFileReference section */
		1A8B44C119871D570021082A /* iOS Example.app */ = {isa = PBXFileReference; explicitFileType = wrapper.application; includeInIndex = 0; path = "iOS Example.app"; sourceTree = BUILT_PRODUCTS_DIR; };
		1A8B44C519871D570021082A /* Info.plist */ = {isa = PBXFileReference; lastKnownFileType = text.plist.xml; path = Info.plist; sourceTree = "<group>"; };
		1A8B44C619871D570021082A /* AppDelegate.swift */ = {isa = PBXFileReference; lastKnownFileType = sourcecode.swift; path = AppDelegate.swift; sourceTree = "<group>"; };
		1A8B44C819871D570021082A /* ViewController.swift */ = {isa = PBXFileReference; lastKnownFileType = sourcecode.swift; path = ViewController.swift; sourceTree = "<group>"; };
		1A8B44CB19871D570021082A /* Base */ = {isa = PBXFileReference; lastKnownFileType = file.storyboard; name = Base; path = Base.lproj/Main.storyboard; sourceTree = "<group>"; };
		1A8B44CD19871D570021082A /* Images.xcassets */ = {isa = PBXFileReference; lastKnownFileType = folder.assetcatalog; path = Images.xcassets; sourceTree = "<group>"; };
		1A8B44D319871D570021082A /* iOS ExampleTests.xctest */ = {isa = PBXFileReference; explicitFileType = wrapper.cfbundle; includeInIndex = 0; path = "iOS ExampleTests.xctest"; sourceTree = BUILT_PRODUCTS_DIR; };
		1A8B44D819871D570021082A /* Info.plist */ = {isa = PBXFileReference; lastKnownFileType = text.plist.xml; path = Info.plist; sourceTree = "<group>"; };
		1A8B44D919871D570021082A /* iOS_ExampleTests.swift */ = {isa = PBXFileReference; lastKnownFileType = sourcecode.swift; path = iOS_ExampleTests.swift; sourceTree = "<group>"; };
		1A8B44E419871DA70021082A /* MDHeartRateMonitor.swift */ = {isa = PBXFileReference; fileEncoding = 4; lastKnownFileType = sourcecode.swift; path = MDHeartRateMonitor.swift; sourceTree = "<group>"; };
/* End PBXFileReference section */

/* Begin PBXFrameworksBuildPhase section */
		1A8B44BE19871D570021082A /* Frameworks */ = {
			isa = PBXFrameworksBuildPhase;
			buildActionMask = 2147483647;
			files = (
			);
			runOnlyForDeploymentPostprocessing = 0;
		};
		1A8B44D019871D570021082A /* Frameworks */ = {
			isa = PBXFrameworksBuildPhase;
			buildActionMask = 2147483647;
			files = (
			);
			runOnlyForDeploymentPostprocessing = 0;
		};
/* End PBXFrameworksBuildPhase section */

/* Begin PBXGroup section */
		1A8B44B819871D570021082A = {
			isa = PBXGroup;
			children = (
				1A8B44E319871DA70021082A /* MDHeartRateMonitor */,
				1A8B44C319871D570021082A /* iOS Example */,
				1A8B44D619871D570021082A /* iOS ExampleTests */,
				1A8B44C219871D570021082A /* Products */,
			);
			sourceTree = "<group>";
		};
		1A8B44C219871D570021082A /* Products */ = {
			isa = PBXGroup;
			children = (
				1A8B44C119871D570021082A /* iOS Example.app */,
				1A8B44D319871D570021082A /* iOS ExampleTests.xctest */,
			);
			name = Products;
			sourceTree = "<group>";
		};
		1A8B44C319871D570021082A /* iOS Example */ = {
			isa = PBXGroup;
			children = (
				1A8B44C619871D570021082A /* AppDelegate.swift */,
				1A8B44C819871D570021082A /* ViewController.swift */,
				1A8B44CA19871D570021082A /* Main.storyboard */,
				1A8B44CD19871D570021082A /* Images.xcassets */,
				1A8B44C419871D570021082A /* Supporting Files */,
			);
			path = "iOS Example";
			sourceTree = "<group>";
		};
		1A8B44C419871D570021082A /* Supporting Files */ = {
			isa = PBXGroup;
			children = (
				1A8B44C519871D570021082A /* Info.plist */,
			);
			name = "Supporting Files";
			sourceTree = "<group>";
		};
		1A8B44D619871D570021082A /* iOS ExampleTests */ = {
			isa = PBXGroup;
			children = (
				1A8B44D919871D570021082A /* iOS_ExampleTests.swift */,
				1A8B44D719871D570021082A /* Supporting Files */,
			);
			path = "iOS ExampleTests";
			sourceTree = "<group>";
		};
		1A8B44D719871D570021082A /* Supporting Files */ = {
			isa = PBXGroup;
			children = (
				1A8B44D819871D570021082A /* Info.plist */,
			);
			name = "Supporting Files";
			sourceTree = "<group>";
		};
		1A8B44E319871DA70021082A /* MDHeartRateMonitor */ = {
			isa = PBXGroup;
			children = (
				1A8B44E419871DA70021082A /* MDHeartRateMonitor.swift */,
			);
			name = MDHeartRateMonitor;
			path = ../../MDHeartRateMonitor;
			sourceTree = "<group>";
		};
/* End PBXGroup section */

/* Begin PBXNativeTarget section */
		1A8B44C019871D570021082A /* iOS Example */ = {
			isa = PBXNativeTarget;
			buildConfigurationList = 1A8B44DD19871D570021082A /* Build configuration list for PBXNativeTarget "iOS Example" */;
			buildPhases = (
				1A8B44BD19871D570021082A /* Sources */,
				1A8B44BE19871D570021082A /* Frameworks */,
				1A8B44BF19871D570021082A /* Resources */,
			);
			buildRules = (
			);
			dependencies = (
			);
			name = "iOS Example";
			productName = "iOS Example";
			productReference = 1A8B44C119871D570021082A /* iOS Example.app */;
			productType = "com.apple.product-type.application";
		};
		1A8B44D219871D570021082A /* iOS ExampleTests */ = {
			isa = PBXNativeTarget;
			buildConfigurationList = 1A8B44E019871D570021082A /* Build configuration list for PBXNativeTarget "iOS ExampleTests" */;
			buildPhases = (
				1A8B44CF19871D570021082A /* Sources */,
				1A8B44D019871D570021082A /* Frameworks */,
				1A8B44D119871D570021082A /* Resources */,
			);
			buildRules = (
			);
			dependencies = (
				1A8B44D519871D570021082A /* PBXTargetDependency */,
			);
			name = "iOS ExampleTests";
			productName = "iOS ExampleTests";
			productReference = 1A8B44D319871D570021082A /* iOS ExampleTests.xctest */;
			productType = "com.apple.product-type.bundle.unit-test";
		};
/* End PBXNativeTarget section */

/* Begin PBXProject section */
		1A8B44B919871D570021082A /* Project object */ = {
			isa = PBXProject;
			attributes = {
				LastUpgradeCheck = 0600;
				ORGANIZATIONNAME = "Mobile Distortion";
				TargetAttributes = {
					1A8B44C019871D570021082A = {
						CreatedOnToolsVersion = 6.0;
					};
					1A8B44D219871D570021082A = {
						CreatedOnToolsVersion = 6.0;
						TestTargetID = 1A8B44C019871D570021082A;
					};
				};
			};
			buildConfigurationList = 1A8B44BC19871D570021082A /* Build configuration list for PBXProject "iOS Example" */;
			compatibilityVersion = "Xcode 3.2";
			developmentRegion = English;
			hasScannedForEncodings = 0;
			knownRegions = (
				en,
				Base,
			);
			mainGroup = 1A8B44B819871D570021082A;
			productRefGroup = 1A8B44C219871D570021082A /* Products */;
			projectDirPath = "";
			projectRoot = "";
			targets = (
				1A8B44C019871D570021082A /* iOS Example */,
				1A8B44D219871D570021082A /* iOS ExampleTests */,
			);
		};
/* End PBXProject section */

/* Begin PBXResourcesBuildPhase section */
		1A8B44BF19871D570021082A /* Resources */ = {
			isa = PBXResourcesBuildPhase;
			buildActionMask = 2147483647;
			files = (
				1A8B44CC19871D570021082A /* Main.storyboard in Resources */,
				1A8B44CE19871D570021082A /* Images.xcassets in Resources */,
			);
			runOnlyForDeploymentPostprocessing = 0;
		};
		1A8B44D119871D570021082A /* Resources */ = {
			isa = PBXResourcesBuildPhase;
			buildActionMask = 2147483647;
			files = (
			);
			runOnlyForDeploymentPostprocessing = 0;
		};
/* End PBXResourcesBuildPhase section */

/* Begin PBXSourcesBuildPhase section */
		1A8B44BD19871D570021082A /* Sources */ = {
			isa = PBXSourcesBuildPhase;
			buildActionMask = 2147483647;
			files = (
				1A8B44E519871DA70021082A /* MDHeartRateMonitor.swift in Sources */,
				1A8B44C919871D570021082A /* ViewController.swift in Sources */,
				1A8B44C719871D570021082A /* AppDelegate.swift in Sources */,
			);
			runOnlyForDeploymentPostprocessing = 0;
		};
		1A8B44CF19871D570021082A /* Sources */ = {
			isa = PBXSourcesBuildPhase;
			buildActionMask = 2147483647;
			files = (
				1A8B44DA19871D570021082A /* iOS_ExampleTests.swift in Sources */,
			);
			runOnlyForDeploymentPostprocessing = 0;
		};
/* End PBXSourcesBuildPhase section */

/* Begin PBXTargetDependency section */
		1A8B44D519871D570021082A /* PBXTargetDependency */ = {
			isa = PBXTargetDependency;
			target = 1A8B44C019871D570021082A /* iOS Example */;
			targetProxy = 1A8B44D419871D570021082A /* PBXContainerItemProxy */;
		};
/* End PBXTargetDependency section */

/* Begin PBXVariantGroup section */
		1A8B44CA19871D570021082A /* Main.storyboard */ = {
			isa = PBXVariantGroup;
			children = (
				1A8B44CB19871D570021082A /* Base */,
			);
			name = Main.storyboard;
			sourceTree = "<group>";
		};
/* End PBXVariantGroup section */

/* Begin XCBuildConfiguration section */
		1A8B44DB19871D570021082A /* Debug */ = {
			isa = XCBuildConfiguration;
			buildSettings = {
				ALWAYS_SEARCH_USER_PATHS = NO;
				CLANG_CXX_LANGUAGE_STANDARD = "gnu++0x";
				CLANG_CXX_LIBRARY = "libc++";
				CLANG_ENABLE_MODULES = YES;
				CLANG_ENABLE_OBJC_ARC = YES;
				CLANG_WARN_BOOL_CONVERSION = YES;
				CLANG_WARN_CONSTANT_CONVERSION = YES;
				CLANG_WARN_DIRECT_OBJC_ISA_USAGE = YES_ERROR;
				CLANG_WARN_EMPTY_BODY = YES;
				CLANG_WARN_ENUM_CONVERSION = YES;
				CLANG_WARN_INT_CONVERSION = YES;
				CLANG_WARN_OBJC_ROOT_CLASS = YES_ERROR;
				CLANG_WARN_UNREACHABLE_CODE = YES;
				CLANG_WARN__DUPLICATE_METHOD_MATCH = YES;
				"CODE_SIGN_IDENTITY[sdk=iphoneos*]" = "iPhone Developer";
				COPY_PHASE_STRIP = NO;
				ENABLE_STRICT_OBJC_MSGSEND = YES;
				GCC_C_LANGUAGE_STANDARD = gnu99;
				GCC_DYNAMIC_NO_PIC = NO;
				GCC_OPTIMIZATION_LEVEL = 0;
				GCC_PREPROCESSOR_DEFINITIONS = (
					"DEBUG=1",
					"$(inherited)",
				);
				GCC_SYMBOLS_PRIVATE_EXTERN = NO;
				GCC_WARN_64_TO_32_BIT_CONVERSION = YES;
				GCC_WARN_ABOUT_RETURN_TYPE = YES_ERROR;
				GCC_WARN_UNDECLARED_SELECTOR = YES;
				GCC_WARN_UNINITIALIZED_AUTOS = YES_AGGRESSIVE;
				GCC_WARN_UNUSED_FUNCTION = YES;
				GCC_WARN_UNUSED_VARIABLE = YES;
				IPHONEOS_DEPLOYMENT_TARGET = 8.0;
				MTL_ENABLE_DEBUG_INFO = YES;
				ONLY_ACTIVE_ARCH = YES;
				SDKROOT = iphoneos;
				SWIFT_OPTIMIZATION_LEVEL = "-Onone";
				TARGETED_DEVICE_FAMILY = "1,2";
			};
			name = Debug;
		};
		1A8B44DC19871D570021082A /* Release */ = {
			isa = XCBuildConfiguration;
			buildSettings = {
				ALWAYS_SEARCH_USER_PATHS = NO;
				CLANG_CXX_LANGUAGE_STANDARD = "gnu++0x";
				CLANG_CXX_LIBRARY = "libc++";
				CLANG_ENABLE_MODULES = YES;
				CLANG_ENABLE_OBJC_ARC = YES;
				CLANG_WARN_BOOL_CONVERSION = YES;
				CLANG_WARN_CONSTANT_CONVERSION = YES;
				CLANG_WARN_DIRECT_OBJC_ISA_USAGE = YES_ERROR;
				CLANG_WARN_EMPTY_BODY = YES;
				CLANG_WARN_ENUM_CONVERSION = YES;
				CLANG_WARN_INT_CONVERSION = YES;
				CLANG_WARN_OBJC_ROOT_CLASS = YES_ERROR;
				CLANG_WARN_UNREACHABLE_CODE = YES;
				CLANG_WARN__DUPLICATE_METHOD_MATCH = YES;
				"CODE_SIGN_IDENTITY[sdk=iphoneos*]" = "iPhone Developer";
				COPY_PHASE_STRIP = YES;
				ENABLE_NS_ASSERTIONS = NO;
				ENABLE_STRICT_OBJC_MSGSEND = YES;
				GCC_C_LANGUAGE_STANDARD = gnu99;
				GCC_WARN_64_TO_32_BIT_CONVERSION = YES;
				GCC_WARN_ABOUT_RETURN_TYPE = YES_ERROR;
				GCC_WARN_UNDECLARED_SELECTOR = YES;
				GCC_WARN_UNINITIALIZED_AUTOS = YES_AGGRESSIVE;
				GCC_WARN_UNUSED_FUNCTION = YES;
				GCC_WARN_UNUSED_VARIABLE = YES;
				IPHONEOS_DEPLOYMENT_TARGET = 8.0;
				MTL_ENABLE_DEBUG_INFO = NO;
				SDKROOT = iphoneos;
				TARGETED_DEVICE_FAMILY = "1,2";
				VALIDATE_PRODUCT = YES;
			};
			name = Release;
		};
		1A8B44DE19871D570021082A /* Debug */ = {
			isa = XCBuildConfiguration;
			buildSettings = {
				ASSETCATALOG_COMPILER_APPICON_NAME = AppIcon;
				ASSETCATALOG_COMPILER_LAUNCHIMAGE_NAME = LaunchImage;
				INFOPLIST_FILE = "iOS Example/Info.plist";
				IPHONEOS_DEPLOYMENT_TARGET = 7.0;
				LD_RUNPATH_SEARCH_PATHS = "$(inherited) @executable_path/Frameworks";
				PRODUCT_NAME = "$(TARGET_NAME)";
			};
			name = Debug;
		};
		1A8B44DF19871D570021082A /* Release */ = {
			isa = XCBuildConfiguration;
			buildSettings = {
				ASSETCATALOG_COMPILER_APPICON_NAME = AppIcon;
				ASSETCATALOG_COMPILER_LAUNCHIMAGE_NAME = LaunchImage;
				INFOPLIST_FILE = "iOS Example/Info.plist";
				IPHONEOS_DEPLOYMENT_TARGET = 7.0;
				LD_RUNPATH_SEARCH_PATHS = "$(inherited) @executable_path/Frameworks";
				PRODUCT_NAME = "$(TARGET_NAME)";
			};
			name = Release;
		};
		1A8B44E119871D570021082A /* Debug */ = {
			isa = XCBuildConfiguration;
			buildSettings = {
				BUNDLE_LOADER = "$(BUILT_PRODUCTS_DIR)/iOS Example.app/iOS Example";
				FRAMEWORK_SEARCH_PATHS = (
					"$(SDKROOT)/Developer/Library/Frameworks",
					"$(inherited)",
				);
				GCC_PREPROCESSOR_DEFINITIONS = (
					"DEBUG=1",
					"$(inherited)",
				);
				INFOPLIST_FILE = "iOS ExampleTests/Info.plist";
				LD_RUNPATH_SEARCH_PATHS = "$(inherited) @executable_path/Frameworks @loader_path/Frameworks";
				PRODUCT_NAME = "$(TARGET_NAME)";
				TEST_HOST = "$(BUNDLE_LOADER)";
			};
			name = Debug;
		};
		1A8B44E219871D570021082A /* Release */ = {
			isa = XCBuildConfiguration;
			buildSettings = {
				BUNDLE_LOADER = "$(BUILT_PRODUCTS_DIR)/iOS Example.app/iOS Example";
				FRAMEWORK_SEARCH_PATHS = (
					"$(SDKROOT)/Developer/Library/Frameworks",
					"$(inherited)",
				);
				INFOPLIST_FILE = "iOS ExampleTests/Info.plist";
				LD_RUNPATH_SEARCH_PATHS = "$(inherited) @executable_path/Frameworks @loader_path/Frameworks";
				PRODUCT_NAME = "$(TARGET_NAME)";
				TEST_HOST = "$(BUNDLE_LOADER)";
			};
			name = Release;
		};
/* End XCBuildConfiguration section */

/* Begin XCConfigurationList section */
		1A8B44BC19871D570021082A /* Build configuration list for PBXProject "iOS Example" */ = {
			isa = XCConfigurationList;
			buildConfigurations = (
				1A8B44DB19871D570021082A /* Debug */,
				1A8B44DC19871D570021082A /* Release */,
			);
			defaultConfigurationIsVisible = 0;
			defaultConfigurationName = Release;
		};
		1A8B44DD19871D570021082A /* Build configuration list for PBXNativeTarget "iOS Example" */ = {
			isa = XCConfigurationList;
			buildConfigurations = (
				1A8B44DE19871D570021082A /* Debug */,
				1A8B44DF19871D570021082A /* Release */,
			);
			defaultConfigurationIsVisible = 0;
			defaultConfigurationName = Release;
		};
		1A8B44E019871D570021082A /* Build configuration list for PBXNativeTarget "iOS ExampleTests" */ = {
			isa = XCConfigurationList;
			buildConfigurations = (
				1A8B44E119871D570021082A /* Debug */,
				1A8B44E219871D570021082A /* Release */,
			);
			defaultConfigurationIsVisible = 0;
			defaultConfigurationName = Release;
		};
/* End XCConfigurationList section */
	};
	rootObject = 1A8B44B919871D570021082A /* Project object */;
}
