// !$*UTF8*$!
{
	archiveVersion = 1;
	classes = {
	};
	objectVersion = 46;
	objects = {

/* Begin PBXBuildFile section */
		1A1C2158196F3B31003D4768 /* AppDelegate.swift in Sources */ = {isa = PBXBuildFile; fileRef = 1A1C2157196F3B31003D4768 /* AppDelegate.swift */; };
		1A1C215A196F3B31003D4768 /* ViewController.swift in Sources */ = {isa = PBXBuildFile; fileRef = 1A1C2159196F3B31003D4768 /* ViewController.swift */; };
		1A1C215D196F3B31003D4768 /* Main.storyboard in Resources */ = {isa = PBXBuildFile; fileRef = 1A1C215B196F3B31003D4768 /* Main.storyboard */; };
		1A1C215F196F3B31003D4768 /* Images.xcassets in Resources */ = {isa = PBXBuildFile; fileRef = 1A1C215E196F3B31003D4768 /* Images.xcassets */; };
		1A1C216B196F3B31003D4768 /* SwiftHeartRateMonitorTests.swift in Sources */ = {isa = PBXBuildFile; fileRef = 1A1C216A196F3B31003D4768 /* SwiftHeartRateMonitorTests.swift */; };
/* End PBXBuildFile section */

/* Begin PBXContainerItemProxy section */
		1A1C2165196F3B31003D4768 /* PBXContainerItemProxy */ = {
			isa = PBXContainerItemProxy;
			containerPortal = 1A1C214A196F3B31003D4768 /* Project object */;
			proxyType = 1;
			remoteGlobalIDString = 1A1C2151196F3B31003D4768;
			remoteInfo = SwiftHeartRateMonitor;
		};
/* End PBXContainerItemProxy section */

/* Begin PBXFileReference section */
		1A1C2152196F3B31003D4768 /* SwiftHeartRateMonitor.app */ = {isa = PBXFileReference; explicitFileType = wrapper.application; includeInIndex = 0; path = SwiftHeartRateMonitor.app; sourceTree = BUILT_PRODUCTS_DIR; };
		1A1C2156196F3B31003D4768 /* Info.plist */ = {isa = PBXFileReference; lastKnownFileType = text.plist.xml; path = Info.plist; sourceTree = "<group>"; };
		1A1C2157196F3B31003D4768 /* AppDelegate.swift */ = {isa = PBXFileReference; lastKnownFileType = sourcecode.swift; path = AppDelegate.swift; sourceTree = "<group>"; };
		1A1C2159196F3B31003D4768 /* ViewController.swift */ = {isa = PBXFileReference; lastKnownFileType = sourcecode.swift; path = ViewController.swift; sourceTree = "<group>"; };
		1A1C215C196F3B31003D4768 /* Base */ = {isa = PBXFileReference; lastKnownFileType = file.storyboard; name = Base; path = Base.lproj/Main.storyboard; sourceTree = "<group>"; };
		1A1C215E196F3B31003D4768 /* Images.xcassets */ = {isa = PBXFileReference; lastKnownFileType = folder.assetcatalog; path = Images.xcassets; sourceTree = "<group>"; };
		1A1C2164196F3B31003D4768 /* SwiftHeartRateMonitorTests.xctest */ = {isa = PBXFileReference; explicitFileType = wrapper.cfbundle; includeInIndex = 0; path = SwiftHeartRateMonitorTests.xctest; sourceTree = BUILT_PRODUCTS_DIR; };
		1A1C2169196F3B31003D4768 /* Info.plist */ = {isa = PBXFileReference; lastKnownFileType = text.plist.xml; path = Info.plist; sourceTree = "<group>"; };
		1A1C216A196F3B31003D4768 /* SwiftHeartRateMonitorTests.swift */ = {isa = PBXFileReference; lastKnownFileType = sourcecode.swift; path = SwiftHeartRateMonitorTests.swift; sourceTree = "<group>"; };
/* End PBXFileReference section */

/* Begin PBXFrameworksBuildPhase section */
		1A1C214F196F3B31003D4768 /* Frameworks */ = {
			isa = PBXFrameworksBuildPhase;
			buildActionMask = 2147483647;
			files = (
			);
			runOnlyForDeploymentPostprocessing = 0;
		};
		1A1C2161196F3B31003D4768 /* Frameworks */ = {
			isa = PBXFrameworksBuildPhase;
			buildActionMask = 2147483647;
			files = (
			);
			runOnlyForDeploymentPostprocessing = 0;
		};
/* End PBXFrameworksBuildPhase section */

/* Begin PBXGroup section */
		1A1C2149196F3B31003D4768 = {
			isa = PBXGroup;
			children = (
				1A1C2154196F3B31003D4768 /* SwiftHeartRateMonitor */,
				1A1C2167196F3B31003D4768 /* SwiftHeartRateMonitorTests */,
				1A1C2153196F3B31003D4768 /* Products */,
			);
			sourceTree = "<group>";
		};
		1A1C2153196F3B31003D4768 /* Products */ = {
			isa = PBXGroup;
			children = (
				1A1C2152196F3B31003D4768 /* SwiftHeartRateMonitor.app */,
				1A1C2164196F3B31003D4768 /* SwiftHeartRateMonitorTests.xctest */,
			);
			name = Products;
			sourceTree = "<group>";
		};
		1A1C2154196F3B31003D4768 /* SwiftHeartRateMonitor */ = {
			isa = PBXGroup;
			children = (
				1A1C2157196F3B31003D4768 /* AppDelegate.swift */,
				1A1C2159196F3B31003D4768 /* ViewController.swift */,
				1A1C215B196F3B31003D4768 /* Main.storyboard */,
				1A1C215E196F3B31003D4768 /* Images.xcassets */,
				1A1C2155196F3B31003D4768 /* Supporting Files */,
			);
			path = SwiftHeartRateMonitor;
			sourceTree = "<group>";
		};
		1A1C2155196F3B31003D4768 /* Supporting Files */ = {
			isa = PBXGroup;
			children = (
				1A1C2156196F3B31003D4768 /* Info.plist */,
			);
			name = "Supporting Files";
			sourceTree = "<group>";
		};
		1A1C2167196F3B31003D4768 /* SwiftHeartRateMonitorTests */ = {
			isa = PBXGroup;
			children = (
				1A1C216A196F3B31003D4768 /* SwiftHeartRateMonitorTests.swift */,
				1A1C2168196F3B31003D4768 /* Supporting Files */,
			);
			path = SwiftHeartRateMonitorTests;
			sourceTree = "<group>";
		};
		1A1C2168196F3B31003D4768 /* Supporting Files */ = {
			isa = PBXGroup;
			children = (
				1A1C2169196F3B31003D4768 /* Info.plist */,
			);
			name = "Supporting Files";
			sourceTree = "<group>";
		};
/* End PBXGroup section */

/* Begin PBXNativeTarget section */
		1A1C2151196F3B31003D4768 /* SwiftHeartRateMonitor */ = {
			isa = PBXNativeTarget;
			buildConfigurationList = 1A1C216E196F3B31003D4768 /* Build configuration list for PBXNativeTarget "SwiftHeartRateMonitor" */;
			buildPhases = (
				1A1C214E196F3B31003D4768 /* Sources */,
				1A1C214F196F3B31003D4768 /* Frameworks */,
				1A1C2150196F3B31003D4768 /* Resources */,
			);
			buildRules = (
			);
			dependencies = (
			);
			name = SwiftHeartRateMonitor;
			productName = SwiftHeartRateMonitor;
			productReference = 1A1C2152196F3B31003D4768 /* SwiftHeartRateMonitor.app */;
			productType = "com.apple.product-type.application";
		};
		1A1C2163196F3B31003D4768 /* SwiftHeartRateMonitorTests */ = {
			isa = PBXNativeTarget;
			buildConfigurationList = 1A1C2171196F3B31003D4768 /* Build configuration list for PBXNativeTarget "SwiftHeartRateMonitorTests" */;
			buildPhases = (
				1A1C2160196F3B31003D4768 /* Sources */,
				1A1C2161196F3B31003D4768 /* Frameworks */,
				1A1C2162196F3B31003D4768 /* Resources */,
			);
			buildRules = (
			);
			dependencies = (
				1A1C2166196F3B31003D4768 /* PBXTargetDependency */,
			);
			name = SwiftHeartRateMonitorTests;
			productName = SwiftHeartRateMonitorTests;
			productReference = 1A1C2164196F3B31003D4768 /* SwiftHeartRateMonitorTests.xctest */;
			productType = "com.apple.product-type.bundle.unit-test";
		};
/* End PBXNativeTarget section */

/* Begin PBXProject section */
		1A1C214A196F3B31003D4768 /* Project object */ = {
			isa = PBXProject;
			attributes = {
				LastUpgradeCheck = 0600;
				ORGANIZATIONNAME = "Mobile Distortion";
				TargetAttributes = {
					1A1C2151196F3B31003D4768 = {
						CreatedOnToolsVersion = 6.0;
					};
					1A1C2163196F3B31003D4768 = {
						CreatedOnToolsVersion = 6.0;
						TestTargetID = 1A1C2151196F3B31003D4768;
					};
				};
			};
			buildConfigurationList = 1A1C214D196F3B31003D4768 /* Build configuration list for PBXProject "SwiftHeartRateMonitor" */;
			compatibilityVersion = "Xcode 3.2";
			developmentRegion = English;
			hasScannedForEncodings = 0;
			knownRegions = (
				en,
				Base,
			);
			mainGroup = 1A1C2149196F3B31003D4768;
			productRefGroup = 1A1C2153196F3B31003D4768 /* Products */;
			projectDirPath = "";
			projectRoot = "";
			targets = (
				1A1C2151196F3B31003D4768 /* SwiftHeartRateMonitor */,
				1A1C2163196F3B31003D4768 /* SwiftHeartRateMonitorTests */,
			);
		};
/* End PBXProject section */

/* Begin PBXResourcesBuildPhase section */
		1A1C2150196F3B31003D4768 /* Resources */ = {
			isa = PBXResourcesBuildPhase;
			buildActionMask = 2147483647;
			files = (
				1A1C215D196F3B31003D4768 /* Main.storyboard in Resources */,
				1A1C215F196F3B31003D4768 /* Images.xcassets in Resources */,
			);
			runOnlyForDeploymentPostprocessing = 0;
		};
		1A1C2162196F3B31003D4768 /* Resources */ = {
			isa = PBXResourcesBuildPhase;
			buildActionMask = 2147483647;
			files = (
			);
			runOnlyForDeploymentPostprocessing = 0;
		};
/* End PBXResourcesBuildPhase section */

/* Begin PBXSourcesBuildPhase section */
		1A1C214E196F3B31003D4768 /* Sources */ = {
			isa = PBXSourcesBuildPhase;
			buildActionMask = 2147483647;
			files = (
				1A1C215A196F3B31003D4768 /* ViewController.swift in Sources */,
				1A1C2158196F3B31003D4768 /* AppDelegate.swift in Sources */,
			);
			runOnlyForDeploymentPostprocessing = 0;
		};
		1A1C2160196F3B31003D4768 /* Sources */ = {
			isa = PBXSourcesBuildPhase;
			buildActionMask = 2147483647;
			files = (
				1A1C216B196F3B31003D4768 /* SwiftHeartRateMonitorTests.swift in Sources */,
			);
			runOnlyForDeploymentPostprocessing = 0;
		};
/* End PBXSourcesBuildPhase section */

/* Begin PBXTargetDependency section */
		1A1C2166196F3B31003D4768 /* PBXTargetDependency */ = {
			isa = PBXTargetDependency;
			target = 1A1C2151196F3B31003D4768 /* SwiftHeartRateMonitor */;
			targetProxy = 1A1C2165196F3B31003D4768 /* PBXContainerItemProxy */;
		};
/* End PBXTargetDependency section */

/* Begin PBXVariantGroup section */
		1A1C215B196F3B31003D4768 /* Main.storyboard */ = {
			isa = PBXVariantGroup;
			children = (
				1A1C215C196F3B31003D4768 /* Base */,
			);
			name = Main.storyboard;
			sourceTree = "<group>";
		};
/* End PBXVariantGroup section */

/* Begin XCBuildConfiguration section */
		1A1C216C196F3B31003D4768 /* Debug */ = {
			isa = XCBuildConfiguration;
			buildSettings = {
				ALWAYS_SEARCH_USER_PATHS = NO;
				CLANG_CXX_LANGUAGE_STANDARD = "gnu++0x";
				CLANG_CXX_LIBRARY = "libc++";
				CLANG_ENABLE_MODULES = YES;
				CLANG_ENABLE_OBJC_ARC = YES;
				CLANG_WARN_BOOL_CONVERSION = YES;
				CLANG_WARN_CONSTANT_CONVERSION = YES;
				CLANG_WARN_DIRECT_OBJC_ISA_USAGE = YES_ERROR;
				CLANG_WARN_EMPTY_BODY = YES;
				CLANG_WARN_ENUM_CONVERSION = YES;
				CLANG_WARN_INT_CONVERSION = YES;
				CLANG_WARN_OBJC_ROOT_CLASS = YES_ERROR;
				CLANG_WARN_UNREACHABLE_CODE = YES;
				CLANG_WARN__DUPLICATE_METHOD_MATCH = YES;
				"CODE_SIGN_IDENTITY[sdk=iphoneos*]" = "iPhone Developer";
				COPY_PHASE_STRIP = NO;
				ENABLE_STRICT_OBJC_MSGSEND = YES;
				GCC_C_LANGUAGE_STANDARD = gnu99;
				GCC_DYNAMIC_NO_PIC = NO;
				GCC_OPTIMIZATION_LEVEL = 0;
				GCC_PREPROCESSOR_DEFINITIONS = (
					"DEBUG=1",
					"$(inherited)",
				);
				GCC_SYMBOLS_PRIVATE_EXTERN = NO;
				GCC_WARN_64_TO_32_BIT_CONVERSION = YES;
				GCC_WARN_ABOUT_RETURN_TYPE = YES_ERROR;
				GCC_WARN_UNDECLARED_SELECTOR = YES;
				GCC_WARN_UNINITIALIZED_AUTOS = YES_AGGRESSIVE;
				GCC_WARN_UNUSED_FUNCTION = YES;
				GCC_WARN_UNUSED_VARIABLE = YES;
				IPHONEOS_DEPLOYMENT_TARGET = 8.0;
				METAL_ENABLE_DEBUG_INFO = YES;
				ONLY_ACTIVE_ARCH = YES;
				SDKROOT = iphoneos;
				SWIFT_OPTIMIZATION_LEVEL = "-Onone";
				TARGETED_DEVICE_FAMILY = "1,2";
			};
			name = Debug;
		};
		1A1C216D196F3B31003D4768 /* Release */ = {
			isa = XCBuildConfiguration;
			buildSettings = {
				ALWAYS_SEARCH_USER_PATHS = NO;
				CLANG_CXX_LANGUAGE_STANDARD = "gnu++0x";
				CLANG_CXX_LIBRARY = "libc++";
				CLANG_ENABLE_MODULES = YES;
				CLANG_ENABLE_OBJC_ARC = YES;
				CLANG_WARN_BOOL_CONVERSION = YES;
				CLANG_WARN_CONSTANT_CONVERSION = YES;
				CLANG_WARN_DIRECT_OBJC_ISA_USAGE = YES_ERROR;
				CLANG_WARN_EMPTY_BODY = YES;
				CLANG_WARN_ENUM_CONVERSION = YES;
				CLANG_WARN_INT_CONVERSION = YES;
				CLANG_WARN_OBJC_ROOT_CLASS = YES_ERROR;
				CLANG_WARN_UNREACHABLE_CODE = YES;
				CLANG_WARN__DUPLICATE_METHOD_MATCH = YES;
				"CODE_SIGN_IDENTITY[sdk=iphoneos*]" = "iPhone Developer";
				COPY_PHASE_STRIP = YES;
				ENABLE_NS_ASSERTIONS = NO;
				ENABLE_STRICT_OBJC_MSGSEND = YES;
				GCC_C_LANGUAGE_STANDARD = gnu99;
				GCC_WARN_64_TO_32_BIT_CONVERSION = YES;
				GCC_WARN_ABOUT_RETURN_TYPE = YES_ERROR;
				GCC_WARN_UNDECLARED_SELECTOR = YES;
				GCC_WARN_UNINITIALIZED_AUTOS = YES_AGGRESSIVE;
				GCC_WARN_UNUSED_FUNCTION = YES;
				GCC_WARN_UNUSED_VARIABLE = YES;
				IPHONEOS_DEPLOYMENT_TARGET = 8.0;
				METAL_ENABLE_DEBUG_INFO = NO;
				SDKROOT = iphoneos;
				TARGETED_DEVICE_FAMILY = "1,2";
				VALIDATE_PRODUCT = YES;
			};
			name = Release;
		};
		1A1C216F196F3B31003D4768 /* Debug */ = {
			isa = XCBuildConfiguration;
			buildSettings = {
				ASSETCATALOG_COMPILER_APPICON_NAME = AppIcon;
				ASSETCATALOG_COMPILER_LAUNCHIMAGE_NAME = LaunchImage;
				INFOPLIST_FILE = SwiftHeartRateMonitor/Info.plist;
				LD_RUNPATH_SEARCH_PATHS = "$(inherited) @executable_path/Frameworks";
				PRODUCT_NAME = "$(TARGET_NAME)";
			};
			name = Debug;
		};
		1A1C2170196F3B31003D4768 /* Release */ = {
			isa = XCBuildConfiguration;
			buildSettings = {
				ASSETCATALOG_COMPILER_APPICON_NAME = AppIcon;
				ASSETCATALOG_COMPILER_LAUNCHIMAGE_NAME = LaunchImage;
				INFOPLIST_FILE = SwiftHeartRateMonitor/Info.plist;
				LD_RUNPATH_SEARCH_PATHS = "$(inherited) @executable_path/Frameworks";
				PRODUCT_NAME = "$(TARGET_NAME)";
			};
			name = Release;
		};
		1A1C2172196F3B31003D4768 /* Debug */ = {
			isa = XCBuildConfiguration;
			buildSettings = {
				BUNDLE_LOADER = "$(BUILT_PRODUCTS_DIR)/SwiftHeartRateMonitor.app/SwiftHeartRateMonitor";
				FRAMEWORK_SEARCH_PATHS = (
					"$(SDKROOT)/Developer/Library/Frameworks",
					"$(inherited)",
				);
				GCC_PREPROCESSOR_DEFINITIONS = (
					"DEBUG=1",
					"$(inherited)",
				);
				INFOPLIST_FILE = SwiftHeartRateMonitorTests/Info.plist;
				LD_RUNPATH_SEARCH_PATHS = "$(inherited) @executable_path/Frameworks @loader_path/Frameworks";
				METAL_ENABLE_DEBUG_INFO = YES;
				PRODUCT_NAME = "$(TARGET_NAME)";
				TEST_HOST = "$(BUNDLE_LOADER)";
			};
			name = Debug;
		};
		1A1C2173196F3B31003D4768 /* Release */ = {
			isa = XCBuildConfiguration;
			buildSettings = {
				BUNDLE_LOADER = "$(BUILT_PRODUCTS_DIR)/SwiftHeartRateMonitor.app/SwiftHeartRateMonitor";
				FRAMEWORK_SEARCH_PATHS = (
					"$(SDKROOT)/Developer/Library/Frameworks",
					"$(inherited)",
				);
				INFOPLIST_FILE = SwiftHeartRateMonitorTests/Info.plist;
				LD_RUNPATH_SEARCH_PATHS = "$(inherited) @executable_path/Frameworks @loader_path/Frameworks";
				METAL_ENABLE_DEBUG_INFO = NO;
				PRODUCT_NAME = "$(TARGET_NAME)";
				TEST_HOST = "$(BUNDLE_LOADER)";
			};
			name = Release;
		};
/* End XCBuildConfiguration section */

/* Begin XCConfigurationList section */
		1A1C214D196F3B31003D4768 /* Build configuration list for PBXProject "SwiftHeartRateMonitor" */ = {
			isa = XCConfigurationList;
			buildConfigurations = (
				1A1C216C196F3B31003D4768 /* Debug */,
				1A1C216D196F3B31003D4768 /* Release */,
			);
			defaultConfigurationIsVisible = 0;
			defaultConfigurationName = Release;
		};
		1A1C216E196F3B31003D4768 /* Build configuration list for PBXNativeTarget "SwiftHeartRateMonitor" */ = {
			isa = XCConfigurationList;
			buildConfigurations = (
				1A1C216F196F3B31003D4768 /* Debug */,
				1A1C2170196F3B31003D4768 /* Release */,
			);
			defaultConfigurationIsVisible = 0;
		};
		1A1C2171196F3B31003D4768 /* Build configuration list for PBXNativeTarget "SwiftHeartRateMonitorTests" */ = {
			isa = XCConfigurationList;
			buildConfigurations = (
				1A1C2172196F3B31003D4768 /* Debug */,
				1A1C2173196F3B31003D4768 /* Release */,
			);
			defaultConfigurationIsVisible = 0;
		};
/* End XCConfigurationList section */
	};
	rootObject = 1A1C214A196F3B31003D4768 /* Project object */;
}
